// !$*UTF8*$!
{
	archiveVersion = 1;
	classes = {
	};
	objectVersion = 50;
	objects = {

/* Begin PBXBuildFile section */
		213F7BF70777095A8450F419 /* libPods-Xcode_TestUITests.a in Frameworks */ = {isa = PBXBuildFile; fileRef = 88FC8DBF7EBB823B6F4FA45A /* libPods-Xcode_TestUITests.a */; };
		382097652153956E003AFA80 /* AppDelegate.m in Sources */ = {isa = PBXBuildFile; fileRef = 382097642153956E003AFA80 /* AppDelegate.m */; };
		382097682153956E003AFA80 /* ViewController.m in Sources */ = {isa = PBXBuildFile; fileRef = 382097672153956E003AFA80 /* ViewController.m */; };
		3820976B2153956E003AFA80 /* Main.storyboard in Resources */ = {isa = PBXBuildFile; fileRef = 382097692153956E003AFA80 /* Main.storyboard */; };
		3820976D2153956F003AFA80 /* Assets.xcassets in Resources */ = {isa = PBXBuildFile; fileRef = 3820976C2153956F003AFA80 /* Assets.xcassets */; };
		382097702153956F003AFA80 /* LaunchScreen.storyboard in Resources */ = {isa = PBXBuildFile; fileRef = 3820976E2153956F003AFA80 /* LaunchScreen.storyboard */; };
		382097732153956F003AFA80 /* main.m in Sources */ = {isa = PBXBuildFile; fileRef = 382097722153956F003AFA80 /* main.m */; };
		3820977D2153956F003AFA80 /* Xcode_TestTests.m in Sources */ = {isa = PBXBuildFile; fileRef = 3820977C2153956F003AFA80 /* Xcode_TestTests.m */; };
		3820978821539570003AFA80 /* Xcode_TestUITests.m in Sources */ = {isa = PBXBuildFile; fileRef = 3820978721539570003AFA80 /* Xcode_TestUITests.m */; };
		82BF06E53EA309573A76163B /* libPods-Xcode_Test.a in Frameworks */ = {isa = PBXBuildFile; fileRef = DD5D1619C80C1F4C748CE038 /* libPods-Xcode_Test.a */; };
		884A87D106C9C831F1BDBA2D /* libPods-Xcode_TestTests.a in Frameworks */ = {isa = PBXBuildFile; fileRef = B68FB3C9997644131B2E3930 /* libPods-Xcode_TestTests.a */; };
/* End PBXBuildFile section */

/* Begin PBXContainerItemProxy section */
		382097792153956F003AFA80 /* PBXContainerItemProxy */ = {
			isa = PBXContainerItemProxy;
			containerPortal = 382097582153956E003AFA80 /* Project object */;
			proxyType = 1;
			remoteGlobalIDString = 3820975F2153956E003AFA80;
			remoteInfo = Xcode_Test;
		};
		3820978421539570003AFA80 /* PBXContainerItemProxy */ = {
			isa = PBXContainerItemProxy;
			containerPortal = 382097582153956E003AFA80 /* Project object */;
			proxyType = 1;
			remoteGlobalIDString = 3820975F2153956E003AFA80;
			remoteInfo = Xcode_Test;
		};
/* End PBXContainerItemProxy section */

/* Begin PBXFileReference section */
		146745136EDAC6EE2D5D758C /* Pods-Xcode_TestUITests.debug.xcconfig */ = {isa = PBXFileReference; includeInIndex = 1; lastKnownFileType = text.xcconfig; name = "Pods-Xcode_TestUITests.debug.xcconfig"; path = "Pods/Target Support Files/Pods-Xcode_TestUITests/Pods-Xcode_TestUITests.debug.xcconfig"; sourceTree = "<group>"; };
		382097602153956E003AFA80 /* Xcode_Test.app */ = {isa = PBXFileReference; explicitFileType = wrapper.application; includeInIndex = 0; path = Xcode_Test.app; sourceTree = BUILT_PRODUCTS_DIR; };
		382097632153956E003AFA80 /* AppDelegate.h */ = {isa = PBXFileReference; lastKnownFileType = sourcecode.c.h; path = AppDelegate.h; sourceTree = "<group>"; };
		382097642153956E003AFA80 /* AppDelegate.m */ = {isa = PBXFileReference; lastKnownFileType = sourcecode.c.objc; path = AppDelegate.m; sourceTree = "<group>"; };
		382097662153956E003AFA80 /* ViewController.h */ = {isa = PBXFileReference; lastKnownFileType = sourcecode.c.h; path = ViewController.h; sourceTree = "<group>"; };
		382097672153956E003AFA80 /* ViewController.m */ = {isa = PBXFileReference; lastKnownFileType = sourcecode.c.objc; path = ViewController.m; sourceTree = "<group>"; };
		3820976A2153956E003AFA80 /* Base */ = {isa = PBXFileReference; lastKnownFileType = file.storyboard; name = Base; path = Base.lproj/Main.storyboard; sourceTree = "<group>"; };
		3820976C2153956F003AFA80 /* Assets.xcassets */ = {isa = PBXFileReference; lastKnownFileType = folder.assetcatalog; path = Assets.xcassets; sourceTree = "<group>"; };
		3820976F2153956F003AFA80 /* Base */ = {isa = PBXFileReference; lastKnownFileType = file.storyboard; name = Base; path = Base.lproj/LaunchScreen.storyboard; sourceTree = "<group>"; };
		382097712153956F003AFA80 /* Info.plist */ = {isa = PBXFileReference; lastKnownFileType = text.plist.xml; path = Info.plist; sourceTree = "<group>"; };
		382097722153956F003AFA80 /* main.m */ = {isa = PBXFileReference; lastKnownFileType = sourcecode.c.objc; path = main.m; sourceTree = "<group>"; };
		382097782153956F003AFA80 /* Xcode_TestTests.xctest */ = {isa = PBXFileReference; explicitFileType = wrapper.cfbundle; includeInIndex = 0; path = Xcode_TestTests.xctest; sourceTree = BUILT_PRODUCTS_DIR; };
		3820977C2153956F003AFA80 /* Xcode_TestTests.m */ = {isa = PBXFileReference; lastKnownFileType = sourcecode.c.objc; path = Xcode_TestTests.m; sourceTree = "<group>"; };
		3820977E2153956F003AFA80 /* Info.plist */ = {isa = PBXFileReference; lastKnownFileType = text.plist.xml; path = Info.plist; sourceTree = "<group>"; };
		3820978321539570003AFA80 /* Xcode_TestUITests.xctest */ = {isa = PBXFileReference; explicitFileType = wrapper.cfbundle; includeInIndex = 0; path = Xcode_TestUITests.xctest; sourceTree = BUILT_PRODUCTS_DIR; };
		3820978721539570003AFA80 /* Xcode_TestUITests.m */ = {isa = PBXFileReference; lastKnownFileType = sourcecode.c.objc; path = Xcode_TestUITests.m; sourceTree = "<group>"; };
		3820978921539570003AFA80 /* Info.plist */ = {isa = PBXFileReference; lastKnownFileType = text.plist.xml; path = Info.plist; sourceTree = "<group>"; };
		4DE3F48F17B912BA5F9E8C38 /* Pods-Xcode_Test.release.xcconfig */ = {isa = PBXFileReference; includeInIndex = 1; lastKnownFileType = text.xcconfig; name = "Pods-Xcode_Test.release.xcconfig"; path = "Pods/Target Support Files/Pods-Xcode_Test/Pods-Xcode_Test.release.xcconfig"; sourceTree = "<group>"; };
		50AF9BF1844129D67839A6CB /* Pods-Xcode_Test.debug.xcconfig */ = {isa = PBXFileReference; includeInIndex = 1; lastKnownFileType = text.xcconfig; name = "Pods-Xcode_Test.debug.xcconfig"; path = "Pods/Target Support Files/Pods-Xcode_Test/Pods-Xcode_Test.debug.xcconfig"; sourceTree = "<group>"; };
		88FC8DBF7EBB823B6F4FA45A /* libPods-Xcode_TestUITests.a */ = {isa = PBXFileReference; explicitFileType = archive.ar; includeInIndex = 0; path = "libPods-Xcode_TestUITests.a"; sourceTree = BUILT_PRODUCTS_DIR; };
		95A2B5297A10B1D653412826 /* Pods-Xcode_TestUITests.release.xcconfig */ = {isa = PBXFileReference; includeInIndex = 1; lastKnownFileType = text.xcconfig; name = "Pods-Xcode_TestUITests.release.xcconfig"; path = "Pods/Target Support Files/Pods-Xcode_TestUITests/Pods-Xcode_TestUITests.release.xcconfig"; sourceTree = "<group>"; };
		B68FB3C9997644131B2E3930 /* libPods-Xcode_TestTests.a */ = {isa = PBXFileReference; explicitFileType = archive.ar; includeInIndex = 0; path = "libPods-Xcode_TestTests.a"; sourceTree = BUILT_PRODUCTS_DIR; };
		B719A3905712DCAFCDA37FF8 /* Pods-Xcode_TestTests.release.xcconfig */ = {isa = PBXFileReference; includeInIndex = 1; lastKnownFileType = text.xcconfig; name = "Pods-Xcode_TestTests.release.xcconfig"; path = "Pods/Target Support Files/Pods-Xcode_TestTests/Pods-Xcode_TestTests.release.xcconfig"; sourceTree = "<group>"; };
		DD5D1619C80C1F4C748CE038 /* libPods-Xcode_Test.a */ = {isa = PBXFileReference; explicitFileType = archive.ar; includeInIndex = 0; path = "libPods-Xcode_Test.a"; sourceTree = BUILT_PRODUCTS_DIR; };
		E7FA5B2D0A866BA7AAFD8DC8 /* Pods-Xcode_TestTests.debug.xcconfig */ = {isa = PBXFileReference; includeInIndex = 1; lastKnownFileType = text.xcconfig; name = "Pods-Xcode_TestTests.debug.xcconfig"; path = "Pods/Target Support Files/Pods-Xcode_TestTests/Pods-Xcode_TestTests.debug.xcconfig"; sourceTree = "<group>"; };
/* End PBXFileReference section */

/* Begin PBXFrameworksBuildPhase section */
		3820975D2153956E003AFA80 /* Frameworks */ = {
			isa = PBXFrameworksBuildPhase;
			buildActionMask = 2147483647;
			files = (
				82BF06E53EA309573A76163B /* libPods-Xcode_Test.a in Frameworks */,
			);
			runOnlyForDeploymentPostprocessing = 0;
		};
		382097752153956F003AFA80 /* Frameworks */ = {
			isa = PBXFrameworksBuildPhase;
			buildActionMask = 2147483647;
			files = (
				884A87D106C9C831F1BDBA2D /* libPods-Xcode_TestTests.a in Frameworks */,
			);
			runOnlyForDeploymentPostprocessing = 0;
		};
		3820978021539570003AFA80 /* Frameworks */ = {
			isa = PBXFrameworksBuildPhase;
			buildActionMask = 2147483647;
			files = (
				213F7BF70777095A8450F419 /* libPods-Xcode_TestUITests.a in Frameworks */,
			);
			runOnlyForDeploymentPostprocessing = 0;
		};
/* End PBXFrameworksBuildPhase section */

/* Begin PBXGroup section */
		382097572153956E003AFA80 = {
			isa = PBXGroup;
			children = (
				382097622153956E003AFA80 /* Xcode_Test */,
				3820977B2153956F003AFA80 /* Xcode_TestTests */,
				3820978621539570003AFA80 /* Xcode_TestUITests */,
				382097612153956E003AFA80 /* Products */,
				B28DABDB51FD4BE8C0F37F66 /* Pods */,
				6BFF8ED4F67CB76D143B6589 /* Frameworks */,
			);
			sourceTree = "<group>";
		};
		382097612153956E003AFA80 /* Products */ = {
			isa = PBXGroup;
			children = (
				382097602153956E003AFA80 /* Xcode_Test.app */,
				382097782153956F003AFA80 /* Xcode_TestTests.xctest */,
				3820978321539570003AFA80 /* Xcode_TestUITests.xctest */,
			);
			name = Products;
			sourceTree = "<group>";
		};
		382097622153956E003AFA80 /* Xcode_Test */ = {
			isa = PBXGroup;
			children = (
				382097632153956E003AFA80 /* AppDelegate.h */,
				382097642153956E003AFA80 /* AppDelegate.m */,
				382097662153956E003AFA80 /* ViewController.h */,
				382097672153956E003AFA80 /* ViewController.m */,
				382097692153956E003AFA80 /* Main.storyboard */,
				3820976C2153956F003AFA80 /* Assets.xcassets */,
				3820976E2153956F003AFA80 /* LaunchScreen.storyboard */,
				382097712153956F003AFA80 /* Info.plist */,
				382097722153956F003AFA80 /* main.m */,
			);
			path = Xcode_Test;
			sourceTree = "<group>";
		};
		3820977B2153956F003AFA80 /* Xcode_TestTests */ = {
			isa = PBXGroup;
			children = (
				3820977C2153956F003AFA80 /* Xcode_TestTests.m */,
				3820977E2153956F003AFA80 /* Info.plist */,
			);
			path = Xcode_TestTests;
			sourceTree = "<group>";
		};
		3820978621539570003AFA80 /* Xcode_TestUITests */ = {
			isa = PBXGroup;
			children = (
				3820978721539570003AFA80 /* Xcode_TestUITests.m */,
				3820978921539570003AFA80 /* Info.plist */,
			);
			path = Xcode_TestUITests;
			sourceTree = "<group>";
		};
		6BFF8ED4F67CB76D143B6589 /* Frameworks */ = {
			isa = PBXGroup;
			children = (
				DD5D1619C80C1F4C748CE038 /* libPods-Xcode_Test.a */,
				B68FB3C9997644131B2E3930 /* libPods-Xcode_TestTests.a */,
				88FC8DBF7EBB823B6F4FA45A /* libPods-Xcode_TestUITests.a */,
			);
			name = Frameworks;
			sourceTree = "<group>";
		};
		B28DABDB51FD4BE8C0F37F66 /* Pods */ = {
			isa = PBXGroup;
			children = (
				50AF9BF1844129D67839A6CB /* Pods-Xcode_Test.debug.xcconfig */,
				4DE3F48F17B912BA5F9E8C38 /* Pods-Xcode_Test.release.xcconfig */,
				E7FA5B2D0A866BA7AAFD8DC8 /* Pods-Xcode_TestTests.debug.xcconfig */,
				B719A3905712DCAFCDA37FF8 /* Pods-Xcode_TestTests.release.xcconfig */,
				146745136EDAC6EE2D5D758C /* Pods-Xcode_TestUITests.debug.xcconfig */,
				95A2B5297A10B1D653412826 /* Pods-Xcode_TestUITests.release.xcconfig */,
			);
			name = Pods;
			sourceTree = "<group>";
		};
/* End PBXGroup section */

/* Begin PBXNativeTarget section */
		3820975F2153956E003AFA80 /* Xcode_Test */ = {
			isa = PBXNativeTarget;
			buildConfigurationList = 3820978C21539570003AFA80 /* Build configuration list for PBXNativeTarget "Xcode_Test" */;
			buildPhases = (
				CAC43B0E8F21814EDBDBE035 /* [CP] Check Pods Manifest.lock */,
				3820975C2153956E003AFA80 /* Sources */,
				3820975D2153956E003AFA80 /* Frameworks */,
				3820975E2153956E003AFA80 /* Resources */,
			);
			buildRules = (
			);
			dependencies = (
			);
			name = Xcode_Test;
			productName = Xcode_Test;
			productReference = 382097602153956E003AFA80 /* Xcode_Test.app */;
			productType = "com.apple.product-type.application";
		};
		382097772153956F003AFA80 /* Xcode_TestTests */ = {
			isa = PBXNativeTarget;
			buildConfigurationList = 3820978F21539570003AFA80 /* Build configuration list for PBXNativeTarget "Xcode_TestTests" */;
			buildPhases = (
				FD799715B407B018630562BE /* [CP] Check Pods Manifest.lock */,
				382097742153956F003AFA80 /* Sources */,
				382097752153956F003AFA80 /* Frameworks */,
				382097762153956F003AFA80 /* Resources */,
			);
			buildRules = (
			);
			dependencies = (
				3820977A2153956F003AFA80 /* PBXTargetDependency */,
			);
			name = Xcode_TestTests;
			productName = Xcode_TestTests;
			productReference = 382097782153956F003AFA80 /* Xcode_TestTests.xctest */;
			productType = "com.apple.product-type.bundle.unit-test";
		};
		3820978221539570003AFA80 /* Xcode_TestUITests */ = {
			isa = PBXNativeTarget;
			buildConfigurationList = 3820979221539570003AFA80 /* Build configuration list for PBXNativeTarget "Xcode_TestUITests" */;
			buildPhases = (
				69B048269AE92A72572E6E82 /* [CP] Check Pods Manifest.lock */,
				3820977F21539570003AFA80 /* Sources */,
				3820978021539570003AFA80 /* Frameworks */,
				3820978121539570003AFA80 /* Resources */,
			);
			buildRules = (
			);
			dependencies = (
				3820978521539570003AFA80 /* PBXTargetDependency */,
			);
			name = Xcode_TestUITests;
			productName = Xcode_TestUITests;
			productReference = 3820978321539570003AFA80 /* Xcode_TestUITests.xctest */;
			productType = "com.apple.product-type.bundle.ui-testing";
		};
/* End PBXNativeTarget section */

/* Begin PBXProject section */
		382097582153956E003AFA80 /* Project object */ = {
			isa = PBXProject;
			attributes = {
				LastUpgradeCheck = 0940;
				ORGANIZATIONNAME = Tima;
				TargetAttributes = {
					3820975F2153956E003AFA80 = {
						CreatedOnToolsVersion = 9.4.1;
					};
					382097772153956F003AFA80 = {
						CreatedOnToolsVersion = 9.4.1;
						TestTargetID = 3820975F2153956E003AFA80;
					};
					3820978221539570003AFA80 = {
						CreatedOnToolsVersion = 9.4.1;
						TestTargetID = 3820975F2153956E003AFA80;
					};
				};
			};
			buildConfigurationList = 3820975B2153956E003AFA80 /* Build configuration list for PBXProject "Xcode_Test" */;
			compatibilityVersion = "Xcode 9.3";
			developmentRegion = en;
			hasScannedForEncodings = 0;
			knownRegions = (
				en,
				Base,
			);
			mainGroup = 382097572153956E003AFA80;
			productRefGroup = 382097612153956E003AFA80 /* Products */;
			projectDirPath = "";
			projectRoot = "";
			targets = (
				3820975F2153956E003AFA80 /* Xcode_Test */,
				382097772153956F003AFA80 /* Xcode_TestTests */,
				3820978221539570003AFA80 /* Xcode_TestUITests */,
			);
		};
/* End PBXProject section */

/* Begin PBXResourcesBuildPhase section */
		3820975E2153956E003AFA80 /* Resources */ = {
			isa = PBXResourcesBuildPhase;
			buildActionMask = 2147483647;
			files = (
				382097702153956F003AFA80 /* LaunchScreen.storyboard in Resources */,
				3820976D2153956F003AFA80 /* Assets.xcassets in Resources */,
				3820976B2153956E003AFA80 /* Main.storyboard in Resources */,
			);
			runOnlyForDeploymentPostprocessing = 0;
		};
		382097762153956F003AFA80 /* Resources */ = {
			isa = PBXResourcesBuildPhase;
			buildActionMask = 2147483647;
			files = (
			);
			runOnlyForDeploymentPostprocessing = 0;
		};
		3820978121539570003AFA80 /* Resources */ = {
			isa = PBXResourcesBuildPhase;
			buildActionMask = 2147483647;
			files = (
			);
			runOnlyForDeploymentPostprocessing = 0;
		};
/* End PBXResourcesBuildPhase section */

/* Begin PBXShellScriptBuildPhase section */
		69B048269AE92A72572E6E82 /* [CP] Check Pods Manifest.lock */ = {
			isa = PBXShellScriptBuildPhase;
			buildActionMask = 2147483647;
			files = (
			);
			inputPaths = (
				"${PODS_PODFILE_DIR_PATH}/Podfile.lock",
				"${PODS_ROOT}/Manifest.lock",
			);
			name = "[CP] Check Pods Manifest.lock";
			outputPaths = (
				"$(DERIVED_FILE_DIR)/Pods-Xcode_TestUITests-checkManifestLockResult.txt",
			);
			runOnlyForDeploymentPostprocessing = 0;
			shellPath = /bin/sh;
			shellScript = "diff \"${PODS_PODFILE_DIR_PATH}/Podfile.lock\" \"${PODS_ROOT}/Manifest.lock\" > /dev/null\nif [ $? != 0 ] ; then\n    # print error to STDERR\n    echo \"error: The sandbox is not in sync with the Podfile.lock. Run 'pod install' or update your CocoaPods installation.\" >&2\n    exit 1\nfi\n# This output is used by Xcode 'outputs' to avoid re-running this script phase.\necho \"SUCCESS\" > \"${SCRIPT_OUTPUT_FILE_0}\"\n";
			showEnvVarsInLog = 0;
		};
		CAC43B0E8F21814EDBDBE035 /* [CP] Check Pods Manifest.lock */ = {
			isa = PBXShellScriptBuildPhase;
			buildActionMask = 2147483647;
			files = (
			);
			inputPaths = (
				"${PODS_PODFILE_DIR_PATH}/Podfile.lock",
				"${PODS_ROOT}/Manifest.lock",
			);
			name = "[CP] Check Pods Manifest.lock";
			outputPaths = (
				"$(DERIVED_FILE_DIR)/Pods-Xcode_Test-checkManifestLockResult.txt",
			);
			runOnlyForDeploymentPostprocessing = 0;
			shellPath = /bin/sh;
			shellScript = "diff \"${PODS_PODFILE_DIR_PATH}/Podfile.lock\" \"${PODS_ROOT}/Manifest.lock\" > /dev/null\nif [ $? != 0 ] ; then\n    # print error to STDERR\n    echo \"error: The sandbox is not in sync with the Podfile.lock. Run 'pod install' or update your CocoaPods installation.\" >&2\n    exit 1\nfi\n# This output is used by Xcode 'outputs' to avoid re-running this script phase.\necho \"SUCCESS\" > \"${SCRIPT_OUTPUT_FILE_0}\"\n";
			showEnvVarsInLog = 0;
		};
		FD799715B407B018630562BE /* [CP] Check Pods Manifest.lock */ = {
			isa = PBXShellScriptBuildPhase;
			buildActionMask = 2147483647;
			files = (
			);
			inputPaths = (
				"${PODS_PODFILE_DIR_PATH}/Podfile.lock",
				"${PODS_ROOT}/Manifest.lock",
			);
			name = "[CP] Check Pods Manifest.lock";
			outputPaths = (
				"$(DERIVED_FILE_DIR)/Pods-Xcode_TestTests-checkManifestLockResult.txt",
			);
			runOnlyForDeploymentPostprocessing = 0;
			shellPath = /bin/sh;
			shellScript = "diff \"${PODS_PODFILE_DIR_PATH}/Podfile.lock\" \"${PODS_ROOT}/Manifest.lock\" > /dev/null\nif [ $? != 0 ] ; then\n    # print error to STDERR\n    echo \"error: The sandbox is not in sync with the Podfile.lock. Run 'pod install' or update your CocoaPods installation.\" >&2\n    exit 1\nfi\n# This output is used by Xcode 'outputs' to avoid re-running this script phase.\necho \"SUCCESS\" > \"${SCRIPT_OUTPUT_FILE_0}\"\n";
			showEnvVarsInLog = 0;
		};
/* End PBXShellScriptBuildPhase section */

/* Begin PBXSourcesBuildPhase section */
		3820975C2153956E003AFA80 /* Sources */ = {
			isa = PBXSourcesBuildPhase;
			buildActionMask = 2147483647;
			files = (
				382097682153956E003AFA80 /* ViewController.m in Sources */,
				382097732153956F003AFA80 /* main.m in Sources */,
				382097652153956E003AFA80 /* AppDelegate.m in Sources */,
			);
			runOnlyForDeploymentPostprocessing = 0;
		};
		382097742153956F003AFA80 /* Sources */ = {
			isa = PBXSourcesBuildPhase;
			buildActionMask = 2147483647;
			files = (
				3820977D2153956F003AFA80 /* Xcode_TestTests.m in Sources */,
			);
			runOnlyForDeploymentPostprocessing = 0;
		};
		3820977F21539570003AFA80 /* Sources */ = {
			isa = PBXSourcesBuildPhase;
			buildActionMask = 2147483647;
			files = (
				3820978821539570003AFA80 /* Xcode_TestUITests.m in Sources */,
			);
			runOnlyForDeploymentPostprocessing = 0;
		};
/* End PBXSourcesBuildPhase section */

/* Begin PBXTargetDependency section */
		3820977A2153956F003AFA80 /* PBXTargetDependency */ = {
			isa = PBXTargetDependency;
			target = 3820975F2153956E003AFA80 /* Xcode_Test */;
			targetProxy = 382097792153956F003AFA80 /* PBXContainerItemProxy */;
		};
		3820978521539570003AFA80 /* PBXTargetDependency */ = {
			isa = PBXTargetDependency;
			target = 3820975F2153956E003AFA80 /* Xcode_Test */;
			targetProxy = 3820978421539570003AFA80 /* PBXContainerItemProxy */;
		};
/* End PBXTargetDependency section */

/* Begin PBXVariantGroup section */
		382097692153956E003AFA80 /* Main.storyboard */ = {
			isa = PBXVariantGroup;
			children = (
				3820976A2153956E003AFA80 /* Base */,
			);
			name = Main.storyboard;
			sourceTree = "<group>";
		};
		3820976E2153956F003AFA80 /* LaunchScreen.storyboard */ = {
			isa = PBXVariantGroup;
			children = (
				3820976F2153956F003AFA80 /* Base */,
			);
			name = LaunchScreen.storyboard;
			sourceTree = "<group>";
		};
/* End PBXVariantGroup section */

/* Begin XCBuildConfiguration section */
		3820978A21539570003AFA80 /* Debug */ = {
			isa = XCBuildConfiguration;
			buildSettings = {
				ALWAYS_SEARCH_USER_PATHS = NO;
				CLANG_ANALYZER_NONNULL = YES;
				CLANG_ANALYZER_NUMBER_OBJECT_CONVERSION = YES_AGGRESSIVE;
				CLANG_CXX_LANGUAGE_STANDARD = "gnu++14";
				CLANG_CXX_LIBRARY = "libc++";
				CLANG_ENABLE_MODULES = YES;
				CLANG_ENABLE_OBJC_ARC = YES;
				CLANG_ENABLE_OBJC_WEAK = YES;
				CLANG_WARN_BLOCK_CAPTURE_AUTORELEASING = YES;
				CLANG_WARN_BOOL_CONVERSION = YES;
				CLANG_WARN_COMMA = YES;
				CLANG_WARN_CONSTANT_CONVERSION = YES;
				CLANG_WARN_DEPRECATED_OBJC_IMPLEMENTATIONS = YES;
				CLANG_WARN_DIRECT_OBJC_ISA_USAGE = YES_ERROR;
				CLANG_WARN_DOCUMENTATION_COMMENTS = YES;
				CLANG_WARN_EMPTY_BODY = YES;
				CLANG_WARN_ENUM_CONVERSION = YES;
				CLANG_WARN_INFINITE_RECURSION = YES;
				CLANG_WARN_INT_CONVERSION = YES;
				CLANG_WARN_NON_LITERAL_NULL_CONVERSION = YES;
				CLANG_WARN_OBJC_IMPLICIT_RETAIN_SELF = YES;
				CLANG_WARN_OBJC_LITERAL_CONVERSION = YES;
				CLANG_WARN_OBJC_ROOT_CLASS = YES_ERROR;
				CLANG_WARN_RANGE_LOOP_ANALYSIS = YES;
				CLANG_WARN_STRICT_PROTOTYPES = YES;
				CLANG_WARN_SUSPICIOUS_MOVE = YES;
				CLANG_WARN_UNGUARDED_AVAILABILITY = YES_AGGRESSIVE;
				CLANG_WARN_UNREACHABLE_CODE = YES;
				CLANG_WARN__DUPLICATE_METHOD_MATCH = YES;
				CODE_SIGN_IDENTITY = "iPhone Developer";
				COPY_PHASE_STRIP = NO;
				DEBUG_INFORMATION_FORMAT = dwarf;
				ENABLE_STRICT_OBJC_MSGSEND = YES;
				ENABLE_TESTABILITY = YES;
				GCC_C_LANGUAGE_STANDARD = gnu11;
				GCC_DYNAMIC_NO_PIC = NO;
				GCC_NO_COMMON_BLOCKS = YES;
				GCC_OPTIMIZATION_LEVEL = 0;
				GCC_PREPROCESSOR_DEFINITIONS = (
					"DEBUG=1",
					"$(inherited)",
				);
				GCC_WARN_64_TO_32_BIT_CONVERSION = YES;
				GCC_WARN_ABOUT_RETURN_TYPE = YES_ERROR;
				GCC_WARN_UNDECLARED_SELECTOR = YES;
				GCC_WARN_UNINITIALIZED_AUTOS = YES_AGGRESSIVE;
				GCC_WARN_UNUSED_FUNCTION = YES;
				GCC_WARN_UNUSED_VARIABLE = YES;
				IPHONEOS_DEPLOYMENT_TARGET = 11.4;
				MTL_ENABLE_DEBUG_INFO = YES;
				ONLY_ACTIVE_ARCH = YES;
				SDKROOT = iphoneos;
			};
			name = Debug;
		};
		3820978B21539570003AFA80 /* Release */ = {
			isa = XCBuildConfiguration;
			buildSettings = {
				ALWAYS_SEARCH_USER_PATHS = NO;
				CLANG_ANALYZER_NONNULL = YES;
				CLANG_ANALYZER_NUMBER_OBJECT_CONVERSION = YES_AGGRESSIVE;
				CLANG_CXX_LANGUAGE_STANDARD = "gnu++14";
				CLANG_CXX_LIBRARY = "libc++";
				CLANG_ENABLE_MODULES = YES;
				CLANG_ENABLE_OBJC_ARC = YES;
				CLANG_ENABLE_OBJC_WEAK = YES;
				CLANG_WARN_BLOCK_CAPTURE_AUTORELEASING = YES;
				CLANG_WARN_BOOL_CONVERSION = YES;
				CLANG_WARN_COMMA = YES;
				CLANG_WARN_CONSTANT_CONVERSION = YES;
				CLANG_WARN_DEPRECATED_OBJC_IMPLEMENTATIONS = YES;
				CLANG_WARN_DIRECT_OBJC_ISA_USAGE = YES_ERROR;
				CLANG_WARN_DOCUMENTATION_COMMENTS = YES;
				CLANG_WARN_EMPTY_BODY = YES;
				CLANG_WARN_ENUM_CONVERSION = YES;
				CLANG_WARN_INFINITE_RECURSION = YES;
				CLANG_WARN_INT_CONVERSION = YES;
				CLANG_WARN_NON_LITERAL_NULL_CONVERSION = YES;
				CLANG_WARN_OBJC_IMPLICIT_RETAIN_SELF = YES;
				CLANG_WARN_OBJC_LITERAL_CONVERSION = YES;
				CLANG_WARN_OBJC_ROOT_CLASS = YES_ERROR;
				CLANG_WARN_RANGE_LOOP_ANALYSIS = YES;
				CLANG_WARN_STRICT_PROTOTYPES = YES;
				CLANG_WARN_SUSPICIOUS_MOVE = YES;
				CLANG_WARN_UNGUARDED_AVAILABILITY = YES_AGGRESSIVE;
				CLANG_WARN_UNREACHABLE_CODE = YES;
				CLANG_WARN__DUPLICATE_METHOD_MATCH = YES;
				CODE_SIGN_IDENTITY = "iPhone Developer";
				COPY_PHASE_STRIP = NO;
				DEBUG_INFORMATION_FORMAT = "dwarf-with-dsym";
				ENABLE_NS_ASSERTIONS = NO;
				ENABLE_STRICT_OBJC_MSGSEND = YES;
				GCC_C_LANGUAGE_STANDARD = gnu11;
				GCC_NO_COMMON_BLOCKS = YES;
				GCC_WARN_64_TO_32_BIT_CONVERSION = YES;
				GCC_WARN_ABOUT_RETURN_TYPE = YES_ERROR;
				GCC_WARN_UNDECLARED_SELECTOR = YES;
				GCC_WARN_UNINITIALIZED_AUTOS = YES_AGGRESSIVE;
				GCC_WARN_UNUSED_FUNCTION = YES;
				GCC_WARN_UNUSED_VARIABLE = YES;
				IPHONEOS_DEPLOYMENT_TARGET = 11.4;
				MTL_ENABLE_DEBUG_INFO = NO;
				SDKROOT = iphoneos;
				VALIDATE_PRODUCT = YES;
			};
			name = Release;
		};
		3820978D21539570003AFA80 /* Debug */ = {
			isa = XCBuildConfiguration;
			baseConfigurationReference = 50AF9BF1844129D67839A6CB /* Pods-Xcode_Test.debug.xcconfig */;
			buildSettings = {
				ASSETCATALOG_COMPILER_APPICON_NAME = AppIcon;
				CODE_SIGN_STYLE = Automatic;
				DEVELOPMENT_TEAM = 5UT3333NGY;
				INFOPLIST_FILE = Xcode_Test/Info.plist;
				LD_RUNPATH_SEARCH_PATHS = "$(inherited) @executable_path/Frameworks";
				PRODUCT_BUNDLE_IDENTIFIER = "com.timanetworks.Xcode-Test";
				PRODUCT_NAME = "$(TARGET_NAME)";
				TARGETED_DEVICE_FAMILY = "1,2";
			};
			name = Debug;
		};
		3820978E21539570003AFA80 /* Release */ = {
			isa = XCBuildConfiguration;
			baseConfigurationReference = 4DE3F48F17B912BA5F9E8C38 /* Pods-Xcode_Test.release.xcconfig */;
			buildSettings = {
				ASSETCATALOG_COMPILER_APPICON_NAME = AppIcon;
				CODE_SIGN_STYLE = Automatic;
				DEVELOPMENT_TEAM = 5UT3333NGY;
				INFOPLIST_FILE = Xcode_Test/Info.plist;
				LD_RUNPATH_SEARCH_PATHS = "$(inherited) @executable_path/Frameworks";
				PRODUCT_BUNDLE_IDENTIFIER = "com.timanetworks.Xcode-Test";
				PRODUCT_NAME = "$(TARGET_NAME)";
				TARGETED_DEVICE_FAMILY = "1,2";
			};
			name = Release;
		};
		3820979021539570003AFA80 /* Debug */ = {
			isa = XCBuildConfiguration;
			baseConfigurationReference = E7FA5B2D0A866BA7AAFD8DC8 /* Pods-Xcode_TestTests.debug.xcconfig */;
			buildSettings = {
				BUNDLE_LOADER = "$(TEST_HOST)";
				CODE_SIGN_STYLE = Automatic;
				DEVELOPMENT_TEAM = 5UT3333NGY;
				INFOPLIST_FILE = Xcode_TestTests/Info.plist;
				LD_RUNPATH_SEARCH_PATHS = "$(inherited) @executable_path/Frameworks @loader_path/Frameworks";
				PRODUCT_BUNDLE_IDENTIFIER = "com.timanetworks.Xcode-TestTests";
				PRODUCT_NAME = "$(TARGET_NAME)";
				TARGETED_DEVICE_FAMILY = "1,2";
				TEST_HOST = "$(BUILT_PRODUCTS_DIR)/Xcode_Test.app/Xcode_Test";
			};
			name = Debug;
		};
		3820979121539570003AFA80 /* Release */ = {
			isa = XCBuildConfiguration;
			baseConfigurationReference = B719A3905712DCAFCDA37FF8 /* Pods-Xcode_TestTests.release.xcconfig */;
			buildSettings = {
				BUNDLE_LOADER = "$(TEST_HOST)";
				CODE_SIGN_STYLE = Automatic;
				DEVELOPMENT_TEAM = 5UT3333NGY;
				INFOPLIST_FILE = Xcode_TestTests/Info.plist;
				LD_RUNPATH_SEARCH_PATHS = "$(inherited) @executable_path/Frameworks @loader_path/Frameworks";
				PRODUCT_BUNDLE_IDENTIFIER = "com.timanetworks.Xcode-TestTests";
				PRODUCT_NAME = "$(TARGET_NAME)";
				TARGETED_DEVICE_FAMILY = "1,2";
				TEST_HOST = "$(BUILT_PRODUCTS_DIR)/Xcode_Test.app/Xcode_Test";
			};
			name = Release;
		};
		3820979321539570003AFA80 /* Debug */ = {
			isa = XCBuildConfiguration;
			baseConfigurationReference = 146745136EDAC6EE2D5D758C /* Pods-Xcode_TestUITests.debug.xcconfig */;
			buildSettings = {
				CODE_SIGN_STYLE = Automatic;
				DEVELOPMENT_TEAM = 5UT3333NGY;
				INFOPLIST_FILE = Xcode_TestUITests/Info.plist;
				LD_RUNPATH_SEARCH_PATHS = "$(inherited) @executable_path/Frameworks @loader_path/Frameworks";
				PRODUCT_BUNDLE_IDENTIFIER = "com.timanetworks.Xcode-TestUITests";
				PRODUCT_NAME = "$(TARGET_NAME)";
				TARGETED_DEVICE_FAMILY = "1,2";
				TEST_TARGET_NAME = Xcode_Test;
			};
			name = Debug;
		};
		3820979421539570003AFA80 /* Release */ = {
			isa = XCBuildConfiguration;
			baseConfigurationReference = 95A2B5297A10B1D653412826 /* Pods-Xcode_TestUITests.release.xcconfig */;
			buildSettings = {
				CODE_SIGN_STYLE = Automatic;
				DEVELOPMENT_TEAM = 5UT3333NGY;
				INFOPLIST_FILE = Xcode_TestUITests/Info.plist;
				LD_RUNPATH_SEARCH_PATHS = "$(inherited) @executable_path/Frameworks @loader_path/Frameworks";
				PRODUCT_BUNDLE_IDENTIFIER = "com.timanetworks.Xcode-TestUITests";
				PRODUCT_NAME = "$(TARGET_NAME)";
				TARGETED_DEVICE_FAMILY = "1,2";
				TEST_TARGET_NAME = Xcode_Test;
			};
			name = Release;
		};
/* End XCBuildConfiguration section */

/* Begin XCConfigurationList section */
		3820975B2153956E003AFA80 /* Build configuration list for PBXProject "Xcode_Test" */ = {
			isa = XCConfigurationList;
			buildConfigurations = (
				3820978A21539570003AFA80 /* Debug */,
				3820978B21539570003AFA80 /* Release */,
			);
			defaultConfigurationIsVisible = 0;
			defaultConfigurationName = Release;
		};
		3820978C21539570003AFA80 /* Build configuration list for PBXNativeTarget "Xcode_Test" */ = {
			isa = XCConfigurationList;
			buildConfigurations = (
				3820978D21539570003AFA80 /* Debug */,
				3820978E21539570003AFA80 /* Release */,
			);
			defaultConfigurationIsVisible = 0;
			defaultConfigurationName = Release;
		};
		3820978F21539570003AFA80 /* Build configuration list for PBXNativeTarget "Xcode_TestTests" */ = {
			isa = XCConfigurationList;
			buildConfigurations = (
				3820979021539570003AFA80 /* Debug */,
				3820979121539570003AFA80 /* Release */,
			);
			defaultConfigurationIsVisible = 0;
			defaultConfigurationName = Release;
		};
		3820979221539570003AFA80 /* Build configuration list for PBXNativeTarget "Xcode_TestUITests" */ = {
			isa = XCConfigurationList;
			buildConfigurations = (
				3820979321539570003AFA80 /* Debug */,
				3820979421539570003AFA80 /* Release */,
			);
			defaultConfigurationIsVisible = 0;
			defaultConfigurationName = Release;
		};
/* End XCConfigurationList section */
	};
	rootObject = 382097582153956E003AFA80 /* Project object */;
}
